
Microsoft Visual Studio Solution File, Format Version 12.00
# Visual Studio 14
VisualStudioVersion = 14.0.23107.0
MinimumVisualStudioVersion = 10.0.40219.1
Project("{FAE04EC0-301F-11D3-BF4B-00C04F79EFBC}") = "Topaz", "Topaz\Topaz.csproj", "{7E5BD602-99D5-49AA-BCEC-E87D3A3CAD71}"
	ProjectSection(ProjectDependencies) = postProject
		{C527BA63-0613-4A72-9C04-943524DFDAA8} = {C527BA63-0613-4A72-9C04-943524DFDAA8}
		{9FDF1795-FDE6-42F4-9298-C6D5E266DCAE} = {9FDF1795-FDE6-42F4-9298-C6D5E266DCAE}
	EndProjectSection
EndProject
Project("{FAE04EC0-301F-11D3-BF4B-00C04F79EFBC}") = "Topaz.Application", "Topaz.Application\Topaz.Application.csproj", "{C527BA63-0613-4A72-9C04-943524DFDAA8}"
	ProjectSection(ProjectDependencies) = postProject
		{9FDF1795-FDE6-42F4-9298-C6D5E266DCAE} = {9FDF1795-FDE6-42F4-9298-C6D5E266DCAE}
	EndProjectSection
EndProject
Project("{FAE04EC0-301F-11D3-BF4B-00C04F79EFBC}") = "Topaz.Model", "Topaz.Model\Topaz.Model.csproj", "{9FDF1795-FDE6-42F4-9298-C6D5E266DCAE}"
EndProject
Global
	GlobalSection(SolutionConfigurationPlatforms) = preSolution
		Debug|Any CPU = Debug|Any CPU
		Release|Any CPU = Release|Any CPU
	EndGlobalSection
	GlobalSection(ProjectConfigurationPlatforms) = postSolution
		{7E5BD602-99D5-49AA-BCEC-E87D3A3CAD71}.Debug|Any CPU.ActiveCfg = Debug|Any CPU
		{7E5BD602-99D5-49AA-BCEC-E87D3A3CAD71}.Debug|Any CPU.Build.0 = Debug|Any CPU
		{7E5BD602-99D5-49AA-BCEC-E87D3A3CAD71}.Release|Any CPU.ActiveCfg = Release|Any CPU
		{7E5BD602-99D5-49AA-BCEC-E87D3A3CAD71}.Release|Any CPU.Build.0 = Release|Any CPU
		{C527BA63-0613-4A72-9C04-943524DFDAA8}.Debug|Any CPU.ActiveCfg = Debug|Any CPU
		{C527BA63-0613-4A72-9C04-943524DFDAA8}.Debug|Any CPU.Build.0 = Debug|Any CPU
		{C527BA63-0613-4A72-9C04-943524DFDAA8}.Release|Any CPU.ActiveCfg = Release|Any CPU
		{C527BA63-0613-4A72-9C04-943524DFDAA8}.Release|Any CPU.Build.0 = Release|Any CPU
		{9FDF1795-FDE6-42F4-9298-C6D5E266DCAE}.Debug|Any CPU.ActiveCfg = Debug|Any CPU
		{9FDF1795-FDE6-42F4-9298-C6D5E266DCAE}.Debug|Any CPU.Build.0 = Debug|Any CPU
		{9FDF1795-FDE6-42F4-9298-C6D5E266DCAE}.Release|Any CPU.ActiveCfg = Release|Any CPU
		{9FDF1795-FDE6-42F4-9298-C6D5E266DCAE}.Release|Any CPU.Build.0 = Release|Any CPU
	EndGlobalSection
	GlobalSection(SolutionProperties) = preSolution
		HideSolutionNode = FALSE
	EndGlobalSection
EndGlobal
